// !$*UTF8*$!
{
	archiveVersion = 1;
	classes = {
	};
	objectVersion = 55;
	objects = {

/* Begin PBXBuildFile section */
		9039459B2890DD7A0013BDC7 /* AppDelegate.swift in Sources */ = {isa = PBXBuildFile; fileRef = 9039459A2890DD7A0013BDC7 /* AppDelegate.swift */; };
		9039459D2890DD7A0013BDC7 /* SceneDelegate.swift in Sources */ = {isa = PBXBuildFile; fileRef = 9039459C2890DD7A0013BDC7 /* SceneDelegate.swift */; };
		9039459F2890DD7A0013BDC7 /* ViewController.swift in Sources */ = {isa = PBXBuildFile; fileRef = 9039459E2890DD7A0013BDC7 /* ViewController.swift */; };
		903945A22890DD7A0013BDC7 /* Main.storyboard in Resources */ = {isa = PBXBuildFile; fileRef = 903945A02890DD7A0013BDC7 /* Main.storyboard */; };
		903945A42890DD7B0013BDC7 /* Assets.xcassets in Resources */ = {isa = PBXBuildFile; fileRef = 903945A32890DD7B0013BDC7 /* Assets.xcassets */; };
		903945A72890DD7B0013BDC7 /* LaunchScreen.storyboard in Resources */ = {isa = PBXBuildFile; fileRef = 903945A52890DD7B0013BDC7 /* LaunchScreen.storyboard */; };
		903945AF2890E1FA0013BDC7 /* SearchViewController.swift in Sources */ = {isa = PBXBuildFile; fileRef = 903945AE2890E1FA0013BDC7 /* SearchViewController.swift */; };
		903945B42890E4CF0013BDC7 /* ListTableViewCell.swift in Sources */ = {isa = PBXBuildFile; fileRef = 903945B22890E4CF0013BDC7 /* ListTableViewCell.swift */; };
		903945B52890E4CF0013BDC7 /* ListTableViewCell.xib in Resources */ = {isa = PBXBuildFile; fileRef = 903945B32890E4CF0013BDC7 /* ListTableViewCell.xib */; };
		903945B7289107760013BDC7 /* ExchangeRate_Assignment.swift in Sources */ = {isa = PBXBuildFile; fileRef = 903945B6289107760013BDC7 /* ExchangeRate_Assignment.swift */; };
/* End PBXBuildFile section */

/* Begin PBXFileReference section */
		903945972890DD7A0013BDC7 /* SeSACNetworkBasic.app */ = {isa = PBXFileReference; explicitFileType = wrapper.application; includeInIndex = 0; path = SeSACNetworkBasic.app; sourceTree = BUILT_PRODUCTS_DIR; };
		9039459A2890DD7A0013BDC7 /* AppDelegate.swift */ = {isa = PBXFileReference; lastKnownFileType = sourcecode.swift; path = AppDelegate.swift; sourceTree = "<group>"; };
		9039459C2890DD7A0013BDC7 /* SceneDelegate.swift */ = {isa = PBXFileReference; lastKnownFileType = sourcecode.swift; path = SceneDelegate.swift; sourceTree = "<group>"; };
		9039459E2890DD7A0013BDC7 /* ViewController.swift */ = {isa = PBXFileReference; lastKnownFileType = sourcecode.swift; path = ViewController.swift; sourceTree = "<group>"; };
		903945A12890DD7A0013BDC7 /* Base */ = {isa = PBXFileReference; lastKnownFileType = file.storyboard; name = Base; path = Base.lproj/Main.storyboard; sourceTree = "<group>"; };
		903945A32890DD7B0013BDC7 /* Assets.xcassets */ = {isa = PBXFileReference; lastKnownFileType = folder.assetcatalog; path = Assets.xcassets; sourceTree = "<group>"; };
		903945A62890DD7B0013BDC7 /* Base */ = {isa = PBXFileReference; lastKnownFileType = file.storyboard; name = Base; path = Base.lproj/LaunchScreen.storyboard; sourceTree = "<group>"; };
		903945A82890DD7B0013BDC7 /* Info.plist */ = {isa = PBXFileReference; lastKnownFileType = text.plist.xml; path = Info.plist; sourceTree = "<group>"; };
		903945AE2890E1FA0013BDC7 /* SearchViewController.swift */ = {isa = PBXFileReference; lastKnownFileType = sourcecode.swift; path = SearchViewController.swift; sourceTree = "<group>"; };
		903945B22890E4CF0013BDC7 /* ListTableViewCell.swift */ = {isa = PBXFileReference; lastKnownFileType = sourcecode.swift; path = ListTableViewCell.swift; sourceTree = "<group>"; };
		903945B32890E4CF0013BDC7 /* ListTableViewCell.xib */ = {isa = PBXFileReference; lastKnownFileType = file.xib; path = ListTableViewCell.xib; sourceTree = "<group>"; };
		903945B6289107760013BDC7 /* ExchangeRate_Assignment.swift */ = {isa = PBXFileReference; lastKnownFileType = sourcecode.swift; path = ExchangeRate_Assignment.swift; sourceTree = "<group>"; };
/* End PBXFileReference section */

/* Begin PBXFrameworksBuildPhase section */
		903945942890DD7A0013BDC7 /* Frameworks */ = {
			isa = PBXFrameworksBuildPhase;
			buildActionMask = 2147483647;
			files = (
			);
			runOnlyForDeploymentPostprocessing = 0;
		};
/* End PBXFrameworksBuildPhase section */

/* Begin PBXGroup section */
		9039458E2890DD7A0013BDC7 = {
			isa = PBXGroup;
			children = (
				903945992890DD7A0013BDC7 /* SeSACNetworkBasic */,
				903945982890DD7A0013BDC7 /* Products */,
			);
			sourceTree = "<group>";
		};
		903945982890DD7A0013BDC7 /* Products */ = {
			isa = PBXGroup;
			children = (
				903945972890DD7A0013BDC7 /* SeSACNetworkBasic.app */,
			);
			name = Products;
			sourceTree = "<group>";
		};
		903945992890DD7A0013BDC7 /* SeSACNetworkBasic */ = {
			isa = PBXGroup;
			children = (
				9039459A2890DD7A0013BDC7 /* AppDelegate.swift */,
				9039459C2890DD7A0013BDC7 /* SceneDelegate.swift */,
				9039459E2890DD7A0013BDC7 /* ViewController.swift */,
				903945A02890DD7A0013BDC7 /* Main.storyboard */,
				903945AE2890E1FA0013BDC7 /* SearchViewController.swift */,
				903945B6289107760013BDC7 /* ExchangeRate_Assignment.swift */,
				903945A32890DD7B0013BDC7 /* Assets.xcassets */,
				903945A52890DD7B0013BDC7 /* LaunchScreen.storyboard */,
				903945B22890E4CF0013BDC7 /* ListTableViewCell.swift */,
				903945B32890E4CF0013BDC7 /* ListTableViewCell.xib */,
				903945A82890DD7B0013BDC7 /* Info.plist */,
			);
			path = SeSACNetworkBasic;
			sourceTree = "<group>";
		};
/* End PBXGroup section */

/* Begin PBXNativeTarget section */
		903945962890DD7A0013BDC7 /* SeSACNetworkBasic */ = {
			isa = PBXNativeTarget;
			buildConfigurationList = 903945AB2890DD7B0013BDC7 /* Build configuration list for PBXNativeTarget "SeSACNetworkBasic" */;
			buildPhases = (
				903945932890DD7A0013BDC7 /* Sources */,
				903945942890DD7A0013BDC7 /* Frameworks */,
				903945952890DD7A0013BDC7 /* Resources */,
			);
			buildRules = (
			);
			dependencies = (
			);
			name = SeSACNetworkBasic;
			productName = SeSACNetworkBasic;
			productReference = 903945972890DD7A0013BDC7 /* SeSACNetworkBasic.app */;
			productType = "com.apple.product-type.application";
		};
/* End PBXNativeTarget section */

/* Begin PBXProject section */
		9039458F2890DD7A0013BDC7 /* Project object */ = {
			isa = PBXProject;
			attributes = {
				BuildIndependentTargetsInParallel = 1;
				LastSwiftUpdateCheck = 1340;
				LastUpgradeCheck = 1340;
				TargetAttributes = {
					903945962890DD7A0013BDC7 = {
						CreatedOnToolsVersion = 13.4.1;
					};
				};
			};
			buildConfigurationList = 903945922890DD7A0013BDC7 /* Build configuration list for PBXProject "SeSACNetworkBasic" */;
			compatibilityVersion = "Xcode 13.0";
			developmentRegion = en;
			hasScannedForEncodings = 0;
			knownRegions = (
				en,
				Base,
			);
			mainGroup = 9039458E2890DD7A0013BDC7;
			productRefGroup = 903945982890DD7A0013BDC7 /* Products */;
			projectDirPath = "";
			projectRoot = "";
			targets = (
				903945962890DD7A0013BDC7 /* SeSACNetworkBasic */,
			);
		};
/* End PBXProject section */

/* Begin PBXResourcesBuildPhase section */
		903945952890DD7A0013BDC7 /* Resources */ = {
			isa = PBXResourcesBuildPhase;
			buildActionMask = 2147483647;
			files = (
				903945A72890DD7B0013BDC7 /* LaunchScreen.storyboard in Resources */,
				903945B52890E4CF0013BDC7 /* ListTableViewCell.xib in Resources */,
				903945A42890DD7B0013BDC7 /* Assets.xcassets in Resources */,
				903945A22890DD7A0013BDC7 /* Main.storyboard in Resources */,
			);
			runOnlyForDeploymentPostprocessing = 0;
		};
/* End PBXResourcesBuildPhase section */

/* Begin PBXSourcesBuildPhase section */
		903945932890DD7A0013BDC7 /* Sources */ = {
			isa = PBXSourcesBuildPhase;
			buildActionMask = 2147483647;
			files = (
				9039459F2890DD7A0013BDC7 /* ViewController.swift in Sources */,
				903945B7289107760013BDC7 /* ExchangeRate_Assignment.swift in Sources */,
				9039459B2890DD7A0013BDC7 /* AppDelegate.swift in Sources */,
				903945AF2890E1FA0013BDC7 /* SearchViewController.swift in Sources */,
				9039459D2890DD7A0013BDC7 /* SceneDelegate.swift in Sources */,
				903945B42890E4CF0013BDC7 /* ListTableViewCell.swift in Sources */,
			);
			runOnlyForDeploymentPostprocessing = 0;
		};
/* End PBXSourcesBuildPhase section */

/* Begin PBXVariantGroup section */
		903945A02890DD7A0013BDC7 /* Main.storyboard */ = {
			isa = PBXVariantGroup;
			children = (
				903945A12890DD7A0013BDC7 /* Base */,
			);
			name = Main.storyboard;
			sourceTree = "<group>";
		};
		903945A52890DD7B0013BDC7 /* LaunchScreen.storyboard */ = {
			isa = PBXVariantGroup;
			children = (
				903945A62890DD7B0013BDC7 /* Base */,
			);
			name = LaunchScreen.storyboard;
			sourceTree = "<group>";
		};
/* End PBXVariantGroup section */

/* Begin XCBuildConfiguration section */
		903945A92890DD7B0013BDC7 /* Debug */ = {
			isa = XCBuildConfiguration;
			buildSettings = {
				ALWAYS_SEARCH_USER_PATHS = NO;
				CLANG_ANALYZER_NONNULL = YES;
				CLANG_ANALYZER_NUMBER_OBJECT_CONVERSION = YES_AGGRESSIVE;
				CLANG_CXX_LANGUAGE_STANDARD = "gnu++17";
				CLANG_ENABLE_MODULES = YES;
				CLANG_ENABLE_OBJC_ARC = YES;
				CLANG_ENABLE_OBJC_WEAK = YES;
				CLANG_WARN_BLOCK_CAPTURE_AUTORELEASING = YES;
				CLANG_WARN_BOOL_CONVERSION = YES;
				CLANG_WARN_COMMA = YES;
				CLANG_WARN_CONSTANT_CONVERSION = YES;
				CLANG_WARN_DEPRECATED_OBJC_IMPLEMENTATIONS = YES;
				CLANG_WARN_DIRECT_OBJC_ISA_USAGE = YES_ERROR;
				CLANG_WARN_DOCUMENTATION_COMMENTS = YES;
				CLANG_WARN_EMPTY_BODY = YES;
				CLANG_WARN_ENUM_CONVERSION = YES;
				CLANG_WARN_INFINITE_RECURSION = YES;
				CLANG_WARN_INT_CONVERSION = YES;
				CLANG_WARN_NON_LITERAL_NULL_CONVERSION = YES;
				CLANG_WARN_OBJC_IMPLICIT_RETAIN_SELF = YES;
				CLANG_WARN_OBJC_LITERAL_CONVERSION = YES;
				CLANG_WARN_OBJC_ROOT_CLASS = YES_ERROR;
				CLANG_WARN_QUOTED_INCLUDE_IN_FRAMEWORK_HEADER = YES;
				CLANG_WARN_RANGE_LOOP_ANALYSIS = YES;
				CLANG_WARN_STRICT_PROTOTYPES = YES;
				CLANG_WARN_SUSPICIOUS_MOVE = YES;
				CLANG_WARN_UNGUARDED_AVAILABILITY = YES_AGGRESSIVE;
				CLANG_WARN_UNREACHABLE_CODE = YES;
				CLANG_WARN__DUPLICATE_METHOD_MATCH = YES;
				COPY_PHASE_STRIP = NO;
				DEBUG_INFORMATION_FORMAT = dwarf;
				ENABLE_STRICT_OBJC_MSGSEND = YES;
				ENABLE_TESTABILITY = YES;
				GCC_C_LANGUAGE_STANDARD = gnu11;
				GCC_DYNAMIC_NO_PIC = NO;
				GCC_NO_COMMON_BLOCKS = YES;
				GCC_OPTIMIZATION_LEVEL = 0;
				GCC_PREPROCESSOR_DEFINITIONS = (
					"DEBUG=1",
					"$(inherited)",
				);
				GCC_WARN_64_TO_32_BIT_CONVERSION = YES;
				GCC_WARN_ABOUT_RETURN_TYPE = YES_ERROR;
				GCC_WARN_UNDECLARED_SELECTOR = YES;
				GCC_WARN_UNINITIALIZED_AUTOS = YES_AGGRESSIVE;
				GCC_WARN_UNUSED_FUNCTION = YES;
				GCC_WARN_UNUSED_VARIABLE = YES;
				IPHONEOS_DEPLOYMENT_TARGET = 15.5;
				MTL_ENABLE_DEBUG_INFO = INCLUDE_SOURCE;
				MTL_FAST_MATH = YES;
				ONLY_ACTIVE_ARCH = YES;
				SDKROOT = iphoneos;
				SWIFT_ACTIVE_COMPILATION_CONDITIONS = DEBUG;
				SWIFT_OPTIMIZATION_LEVEL = "-Onone";
			};
			name = Debug;
		};
		903945AA2890DD7B0013BDC7 /* Release */ = {
			isa = XCBuildConfiguration;
			buildSettings = {
				ALWAYS_SEARCH_USER_PATHS = NO;
				CLANG_ANALYZER_NONNULL = YES;
				CLANG_ANALYZER_NUMBER_OBJECT_CONVERSION = YES_AGGRESSIVE;
				CLANG_CXX_LANGUAGE_STANDARD = "gnu++17";
				CLANG_ENABLE_MODULES = YES;
				CLANG_ENABLE_OBJC_ARC = YES;
				CLANG_ENABLE_OBJC_WEAK = YES;
				CLANG_WARN_BLOCK_CAPTURE_AUTORELEASING = YES;
				CLANG_WARN_BOOL_CONVERSION = YES;
				CLANG_WARN_COMMA = YES;
				CLANG_WARN_CONSTANT_CONVERSION = YES;
				CLANG_WARN_DEPRECATED_OBJC_IMPLEMENTATIONS = YES;
				CLANG_WARN_DIRECT_OBJC_ISA_USAGE = YES_ERROR;
				CLANG_WARN_DOCUMENTATION_COMMENTS = YES;
				CLANG_WARN_EMPTY_BODY = YES;
				CLANG_WARN_ENUM_CONVERSION = YES;
				CLANG_WARN_INFINITE_RECURSION = YES;
				CLANG_WARN_INT_CONVERSION = YES;
				CLANG_WARN_NON_LITERAL_NULL_CONVERSION = YES;
				CLANG_WARN_OBJC_IMPLICIT_RETAIN_SELF = YES;
				CLANG_WARN_OBJC_LITERAL_CONVERSION = YES;
				CLANG_WARN_OBJC_ROOT_CLASS = YES_ERROR;
				CLANG_WARN_QUOTED_INCLUDE_IN_FRAMEWORK_HEADER = YES;
				CLANG_WARN_RANGE_LOOP_ANALYSIS = YES;
				CLANG_WARN_STRICT_PROTOTYPES = YES;
				CLANG_WARN_SUSPICIOUS_MOVE = YES;
				CLANG_WARN_UNGUARDED_AVAILABILITY = YES_AGGRESSIVE;
				CLANG_WARN_UNREACHABLE_CODE = YES;
				CLANG_WARN__DUPLICATE_METHOD_MATCH = YES;
				COPY_PHASE_STRIP = NO;
				DEBUG_INFORMATION_FORMAT = "dwarf-with-dsym";
				ENABLE_NS_ASSERTIONS = NO;
				ENABLE_STRICT_OBJC_MSGSEND = YES;
				GCC_C_LANGUAGE_STANDARD = gnu11;
				GCC_NO_COMMON_BLOCKS = YES;
				GCC_WARN_64_TO_32_BIT_CONVERSION = YES;
				GCC_WARN_ABOUT_RETURN_TYPE = YES_ERROR;
				GCC_WARN_UNDECLARED_SELECTOR = YES;
				GCC_WARN_UNINITIALIZED_AUTOS = YES_AGGRESSIVE;
				GCC_WARN_UNUSED_FUNCTION = YES;
				GCC_WARN_UNUSED_VARIABLE = YES;
				IPHONEOS_DEPLOYMENT_TARGET = 15.5;
				MTL_ENABLE_DEBUG_INFO = NO;
				MTL_FAST_MATH = YES;
				SDKROOT = iphoneos;
				SWIFT_COMPILATION_MODE = wholemodule;
				SWIFT_OPTIMIZATION_LEVEL = "-O";
				VALIDATE_PRODUCT = YES;
			};
			name = Release;
		};
		903945AC2890DD7B0013BDC7 /* Debug */ = {
			isa = XCBuildConfiguration;
			buildSettings = {
				ASSETCATALOG_COMPILER_APPICON_NAME = AppIcon;
				ASSETCATALOG_COMPILER_GLOBAL_ACCENT_COLOR_NAME = AccentColor;
				CODE_SIGN_STYLE = Automatic;
				CURRENT_PROJECT_VERSION = 1;
				DEVELOPMENT_TEAM = 6H94XW3M7L;
				GENERATE_INFOPLIST_FILE = YES;
				INFOPLIST_FILE = SeSACNetworkBasic/Info.plist;
				INFOPLIST_KEY_UIApplicationSupportsIndirectInputEvents = YES;
				INFOPLIST_KEY_UILaunchStoryboardName = LaunchScreen;
				INFOPLIST_KEY_UIMainStoryboardFile = Main;
				INFOPLIST_KEY_UISupportedInterfaceOrientations_iPad = "UIInterfaceOrientationPortrait UIInterfaceOrientationPortraitUpsideDown UIInterfaceOrientationLandscapeLeft UIInterfaceOrientationLandscapeRight";
				INFOPLIST_KEY_UISupportedInterfaceOrientations_iPhone = "UIInterfaceOrientationPortrait UIInterfaceOrientationLandscapeLeft UIInterfaceOrientationLandscapeRight";
				LD_RUNPATH_SEARCH_PATHS = (
					"$(inherited)",
					"@executable_path/Frameworks",
				);
				MARKETING_VERSION = 1.0;
				PRODUCT_BUNDLE_IDENTIFIER = com.bangsunu.SeSACNetworkBasic;
				PRODUCT_NAME = "$(TARGET_NAME)";
				SWIFT_EMIT_LOC_STRINGS = YES;
				SWIFT_VERSION = 5.0;
				TARGETED_DEVICE_FAMILY = 1;
			};
			name = Debug;
		};
		903945AD2890DD7B0013BDC7 /* Release */ = {
			isa = XCBuildConfiguration;
			buildSettings = {
				ASSETCATALOG_COMPILER_APPICON_NAME = AppIcon;
				ASSETCATALOG_COMPILER_GLOBAL_ACCENT_COLOR_NAME = AccentColor;
				CODE_SIGN_STYLE = Automatic;
				CURRENT_PROJECT_VERSION = 1;
				DEVELOPMENT_TEAM = 6H94XW3M7L;
				GENERATE_INFOPLIST_FILE = YES;
				INFOPLIST_FILE = SeSACNetworkBasic/Info.plist;
				INFOPLIST_KEY_UIApplicationSupportsIndirectInputEvents = YES;
				INFOPLIST_KEY_UILaunchStoryboardName = LaunchScreen;
				INFOPLIST_KEY_UIMainStoryboardFile = Main;
				INFOPLIST_KEY_UISupportedInterfaceOrientations_iPad = "UIInterfaceOrientationPortrait UIInterfaceOrientationPortraitUpsideDown UIInterfaceOrientationLandscapeLeft UIInterfaceOrientationLandscapeRight";
				INFOPLIST_KEY_UISupportedInterfaceOrientations_iPhone = "UIInterfaceOrientationPortrait UIInterfaceOrientationLandscapeLeft UIInterfaceOrientationLandscapeRight";
				LD_RUNPATH_SEARCH_PATHS = (
					"$(inherited)",
					"@executable_path/Frameworks",
				);
				MARKETING_VERSION = 1.0;
				PRODUCT_BUNDLE_IDENTIFIER = com.bangsunu.SeSACNetworkBasic;
				PRODUCT_NAME = "$(TARGET_NAME)";
				SWIFT_EMIT_LOC_STRINGS = YES;
				SWIFT_VERSION = 5.0;
				TARGETED_DEVICE_FAMILY = 1;
			};
			name = Release;
		};
/* End XCBuildConfiguration section */

/* Begin XCConfigurationList section */
		903945922890DD7A0013BDC7 /* Build configuration list for PBXProject "SeSACNetworkBasic" */ = {
			isa = XCConfigurationList;
			buildConfigurations = (
				903945A92890DD7B0013BDC7 /* Debug */,
				903945AA2890DD7B0013BDC7 /* Release */,
			);
			defaultConfigurationIsVisible = 0;
			defaultConfigurationName = Release;
		};
		903945AB2890DD7B0013BDC7 /* Build configuration list for PBXNativeTarget "SeSACNetworkBasic" */ = {
			isa = XCConfigurationList;
			buildConfigurations = (
				903945AC2890DD7B0013BDC7 /* Debug */,
				903945AD2890DD7B0013BDC7 /* Release */,
			);
			defaultConfigurationIsVisible = 0;
			defaultConfigurationName = Release;
		};
/* End XCConfigurationList section */
	};
	rootObject = 9039458F2890DD7A0013BDC7 /* Project object */;
}
